{
  "name": "@demi-valerith/yard-material-coverage-data",
  "version": "1.1.0",
  "lockfileVersion": 3,
  "requires": true,
  "packages": {
    "": {
      "name": "@demi-valerith/yard-material-coverage-data",
      "version": "1.1.0",
      "license": "CC-BY-4.0",
      "engines": {
        "node": ">=20.10"
      }
    }
  }
}
